{
    "_meta": {
        "hash": {
            "sha256": "185868dfc01673370026cc5c7a01c4f8a262a59b85f6fee41666d9870748d60d"
        },
        "pipfile-spec": 6,
        "requires": {
            "python_version": "3.11"
        },
        "sources": [
            {
                "name": "pypi",
                "url": "https://pypi.org/simple",
                "verify_ssl": true
            }
        ]
    },
    "default": {
        "click": {
            "hashes": [
                "sha256:ae74fb96c20a0277a1d615f1e4d73c8414f5a98db8b799a7931d1582f3390c28",
                "sha256:ca9853ad459e787e2192211578cc907e7594e294c7ccc834310722b41b9ca6de"
            ],
            "index": "pypi",
            "markers": "python_version >= '3.7'",
            "version": "==8.1.7"
        },
        "colorama": {
            "hashes": [
                "sha256:08695f5cb7ed6e0531a20572697297273c47b8cae5a63ffc6d6ed5c201be6e44",
                "sha256:4f1d9991f5acc0ca119f9d443620b77f9d6b33703e51011c16baf57afb285fc6"
            ],
            "markers": "platform_system == 'Windows'",
            "version": "==0.4.6"
        },
        "mpi4py": {
            "hashes": [
                "sha256:0de523428e15b453539da14208489a19f9fc7570cc8f9d1a3365175e441bba8e",
                "sha256:17cc793bf2fe3921f2c3cda59a2a708d2e0c68ce07c8b9d2b6ee1a9adc28fe3d",
                "sha256:265f4c0a9cfdd606701fa36e0b373afae5930bedbf03c8360fd62f8c38639bf6",
                "sha256:3a2853b7b41899a17c3f1e6ad27e48a30e98d49d12830b345672fef3a6dcc8d6",
                "sha256:61d6c5df1803002cf6c61523417d48f9ecf64b55808e3d9d47815c174d7125dd",
                "sha256:8574fe09d34d89531be6e640d18b54f7b7a046514de069f18c181bafeff51108",
                "sha256:8b38ad45a843bcbd7d11e23fd901016bb8069f35a9d4500666090465a2f734f2",
                "sha256:9cc87b70ce7164fbc521c45bbc4f5fb9acce8ea70d3503da0768ef67ba52186a",
                "sha256:a706e76db9255135c2fb5d1ef54cb4f7b0e4ad9e33cbada7de27626205f2a153",
                "sha256:aec0e6238ed76c930c07df7dcea19f3be5ca958fb76353e668b19511ed4c86d7",
                "sha256:b3e06c9ef1d0a2da3d5c7431bbf4af50a01ac9915fb4ab33409a21cd9e67be9c",
                "sha256:c4e6e776e183dbf3aa0945679303120716bb3f0826faeeb740dc5a055fcff3a8",
                "sha256:d854dae2e62042a0355fa24ef7bea50b5380414806319240a57e654be1e59d9c",
                "sha256:dbc47296a560d2a5aa50d716cb9bf90552349687ee068a493d646e3f6c20a9a4",
                "sha256:dd7ebe2d9c52330670e2424ba3a535df999e57bdaf3a93a8967fede1d2d5927d",
                "sha256:de6291eb7587e09637bc56f0e00d94863a1253f9d06b2ee97937bb9d49b53615",
                "sha256:edf2224fa9c4416f891ac87f8e5b8a754ab45bc31dcfc4fbc8e29d6c643084c9",
                "sha256:f39df0d985cb6fb342ee6c6902cadf21b2d828d7df00b182573da0242646b715",
                "sha256:f73686e3ff8f76bacb9ecacba0515f84392ad4c561b76603f9680f0fe64ef0ed"
            ],
            "index": "pypi",
            "markers": "python_version >= '2.7' and python_version not in '3.0, 3.1, 3.2, 3.3, 3.4'",
            "version": "==3.1.5"
        }
    },
    "develop": {
        "colorama": {
            "hashes": [
                "sha256:08695f5cb7ed6e0531a20572697297273c47b8cae5a63ffc6d6ed5c201be6e44",
                "sha256:4f1d9991f5acc0ca119f9d443620b77f9d6b33703e51011c16baf57afb285fc6"
            ],
            "markers": "platform_system == 'Windows'",
            "version": "==0.4.6"
        },
        "coverage": {
            "hashes": [
                "sha256:0209a6369ccce576b43bb227dc8322d8ef9e323d089c6f3f26a597b09cb4d2aa",
                "sha256:062b0a75d9261e2f9c6d071753f7eef0fc9caf3a2c82d36d76667ba7b6470003",
                "sha256:0842571634f39016a6c03e9d4aba502be652a6e4455fadb73cd3a3a49173e38f",
                "sha256:16bae383a9cc5abab9bb05c10a3e5a52e0a788325dc9ba8499e821885928968c",
                "sha256:18c7320695c949de11a351742ee001849912fd57e62a706d83dfc1581897fa2e",
                "sha256:18d90523ce7553dd0b7e23cbb28865db23cddfd683a38fb224115f7826de78d0",
                "sha256:1bf25fbca0c8d121a3e92a2a0555c7e5bc981aee5c3fdaf4bb7809f410f696b9",
                "sha256:276f6077a5c61447a48d133ed13e759c09e62aff0dc84274a68dc18660104d52",
                "sha256:280459f0a03cecbe8800786cdc23067a8fc64c0bd51dc614008d9c36e1659d7e",
                "sha256:28ca2098939eabab044ad68850aac8f8db6bf0b29bc7f2887d05889b17346454",
                "sha256:2c854ce44e1ee31bda4e318af1dbcfc929026d12c5ed030095ad98197eeeaed0",
                "sha256:35eb581efdacf7b7422af677b92170da4ef34500467381e805944a3201df2079",
                "sha256:37389611ba54fd6d278fde86eb2c013c8e50232e38f5c68235d09d0a3f8aa352",
                "sha256:3b253094dbe1b431d3a4ac2f053b6d7ede2664ac559705a704f621742e034f1f",
                "sha256:3b2eccb883368f9e972e216c7b4c7c06cabda925b5f06dde0650281cb7666a30",
                "sha256:451f433ad901b3bb00184d83fd83d135fb682d780b38af7944c9faeecb1e0bfe",
                "sha256:489763b2d037b164846ebac0cbd368b8a4ca56385c4090807ff9fad817de4113",
                "sha256:4af154d617c875b52651dd8dd17a31270c495082f3d55f6128e7629658d63765",
                "sha256:506edb1dd49e13a2d4cac6a5173317b82a23c9d6e8df63efb4f0380de0fbccbc",
                "sha256:6679060424faa9c11808598504c3ab472de4531c571ab2befa32f4971835788e",
                "sha256:69b9f6f66c0af29642e73a520b6fed25ff9fd69a25975ebe6acb297234eda501",
                "sha256:6c00cdc8fa4e50e1cc1f941a7f2e3e0f26cb2a1233c9696f26963ff58445bac7",
                "sha256:6c0cdedd3500e0511eac1517bf560149764b7d8e65cb800d8bf1c63ebf39edd2",
                "sha256:708a3369dcf055c00ddeeaa2b20f0dd1ce664eeabde6623e516c5228b753654f",
                "sha256:718187eeb9849fc6cc23e0d9b092bc2348821c5e1a901c9f8975df0bc785bfd4",
                "sha256:767b35c3a246bcb55b8044fd3a43b8cd553dd1f9f2c1eeb87a302b1f8daa0524",
                "sha256:77fbfc5720cceac9c200054b9fab50cb2a7d79660609200ab83f5db96162d20c",
                "sha256:7cbde573904625509a3f37b6fecea974e363460b556a627c60dc2f47e2fffa51",
                "sha256:8249b1c7334be8f8c3abcaaa996e1e4927b0e5a23b65f5bf6cfe3180d8ca7840",
                "sha256:8580b827d4746d47294c0e0b92854c85a92c2227927433998f0d3320ae8a71b6",
                "sha256:8640f1fde5e1b8e3439fe482cdc2b0bb6c329f4bb161927c28d2e8879c6029ee",
                "sha256:9a9babb9466fe1da12417a4aed923e90124a534736de6201794a3aea9d98484e",
                "sha256:a78ed23b08e8ab524551f52953a8a05d61c3a760781762aac49f8de6eede8c45",
                "sha256:abbbd8093c5229c72d4c2926afaee0e6e3140de69d5dcd918b2921f2f0c8baba",
                "sha256:ae7f19afe0cce50039e2c782bff379c7e347cba335429678450b8fe81c4ef96d",
                "sha256:b3ec74cfef2d985e145baae90d9b1b32f85e1741b04cd967aaf9cfa84c1334f3",
                "sha256:b51bfc348925e92a9bd9b2e48dad13431b57011fd1038f08316e6bf1df107d10",
                "sha256:b9a4a8dd3dcf4cbd3165737358e4d7dfbd9d59902ad11e3b15eebb6393b0446e",
                "sha256:ba3a8aaed13770e970b3df46980cb068d1c24af1a1968b7818b69af8c4347efb",
                "sha256:c0524de3ff096e15fcbfe8f056fdb4ea0bf497d584454f344d59fce069d3e6e9",
                "sha256:c0a120238dd71c68484f02562f6d446d736adcc6ca0993712289b102705a9a3a",
                "sha256:cbbe5e739d45a52f3200a771c6d2c7acf89eb2524890a4a3aa1a7fa0695d2a47",
                "sha256:ce8c50520f57ec57aa21a63ea4f325c7b657386b3f02ccaedeccf9ebe27686e1",
                "sha256:cf30900aa1ba595312ae41978b95e256e419d8a823af79ce670835409fc02ad3",
                "sha256:d25b937a5d9ffa857d41be042b4238dd61db888533b53bc76dc082cb5a15e914",
                "sha256:d6cdecaedea1ea9e033d8adf6a0ab11107b49571bbb9737175444cea6eb72328",
                "sha256:dec9de46a33cf2dd87a5254af095a409ea3bf952d85ad339751e7de6d962cde6",
                "sha256:ebe7c9e67a2d15fa97b77ea6571ce5e1e1f6b0db71d1d5e96f8d2bf134303c1d",
                "sha256:ee866acc0861caebb4f2ab79f0b94dbfbdbfadc19f82e6e9c93930f74e11d7a0",
                "sha256:f6a09b360d67e589236a44f0c39218a8efba2593b6abdccc300a8862cffc2f94",
                "sha256:fcc66e222cf4c719fe7722a403888b1f5e1682d1679bd780e2b26c18bb648cdc",
                "sha256:fd6545d97c98a192c5ac995d21c894b581f1fd14cf389be90724d21808b657e2"
            ],
            "index": "pypi",
            "markers": "python_version >= '3.8'",
            "version": "==7.4.3"
        },
        "flake8": {
            "hashes": [
                "sha256:33f96621059e65eec474169085dc92bf26e7b2d47366b70be2f67ab80dc25132",
                "sha256:a6dfbb75e03252917f2473ea9653f7cd799c3064e54d4c8140044c5c065f53c3"
            ],
            "index": "pypi",
            "markers": "python_full_version >= '3.8.1'",
            "version": "==7.0.0"
        },
        "iniconfig": {
            "hashes": [
                "sha256:2d91e135bf72d31a410b17c16da610a82cb55f6b0477d1a902134b24a455b8b3",
                "sha256:b6a85871a79d2e3b22d2d1b94ac2824226a63c6b741c88f7ae975f18b6778374"
            ],
            "markers": "python_version >= '3.7'",
            "version": "==2.0.0"
        },
        "mccabe": {
            "hashes": [
                "sha256:348e0240c33b60bbdf4e523192ef919f28cb2c3d7d5c7794f74009290f236325",
                "sha256:6c2d30ab6be0e4a46919781807b4f0d834ebdd6c6e3dca0bda5a15f863427b6e"
            ],
            "markers": "python_version >= '3.6'",
            "version": "==0.7.0"
        },
        "packaging": {
            "hashes": [
                "sha256:2ddfb553fdf02fb784c234c7ba6ccc288296ceabec964ad2eae3777778130bc5",
                "sha256:eb82c5e3e56209074766e6885bb04b8c38a0c015d0a30036ebe7ece34c9989e9"
            ],
            "markers": "python_version >= '3.7'",
            "version": "==24.0"
        },
        "pluggy": {
            "hashes": [
                "sha256:7db9f7b503d67d1c5b95f59773ebb58a8c1c288129a88665838012cfb07b8981",
                "sha256:8c85c2876142a764e5b7548e7d9a0e0ddb46f5185161049a79b7e974454223be"
            ],
            "markers": "python_version >= '3.8'",
            "version": "==1.4.0"
        },
        "pycodestyle": {
            "hashes": [
                "sha256:41ba0e7afc9752dfb53ced5489e89f8186be00e599e712660695b7a75ff2663f",
                "sha256:44fe31000b2d866f2e41841b18528a505fbd7fef9017b04eff4e2648a0fadc67"
            ],
            "markers": "python_version >= '3.8'",
            "version": "==2.11.1"
        },
        "pyflakes": {
            "hashes": [
                "sha256:1c61603ff154621fb2a9172037d84dca3500def8c8b630657d1701f026f8af3f",
                "sha256:84b5be138a2dfbb40689ca07e2152deb896a65c3a3e24c251c5c62489568074a"
            ],
            "markers": "python_version >= '3.8'",
            "version": "==3.2.0"
        },
        "pyinstrument": {
            "hashes": [
                "sha256:76aae9a43e949af65baf3a2268144cce914bc8f1f524dcaeb68deba9bd0e24f6",
                "sha256:ec79f6fc6f945edd845b1c8b6470de8cb6f65a3cbb3845c533991619ffcb1636"
            ],
            "index": "pypi",
            "markers": "python_version >= '3.6'",
            "version": "==3.4.2"
        },
        "pyinstrument-cext": {
            "hashes": [
                "sha256:007bdf955d79fdc44b29bf10e21a411c600d11bbf9c4a3539ca1d94f5c9887e8",
                "sha256:0496c65daa9602d6397a57be3d8493131019db9c47b0e171933d4d7bd723142f",
                "sha256:0709aa81b51195b2d638efd0432597bfb02a45df25a933e739342fc655ed677d",
                "sha256:0d5d7d24e4f1ea965b9e0d5a41da8ea0aa5231519a161052e1eda26750f5cb78",
                "sha256:0f14f3d57ffeffa7f297dad14bc411463de6c1af5309abeb12ba8911c1ab91ec",
                "sha256:12ff14b7612903db6649fb86915dc043c1bdae443cc0e35655675517ed7f93cf",
                "sha256:1484d4a9087f53eb06b4a5e8be7513a19d5078367b0349dd4506eded4f274c69",
                "sha256:1c1478a276324e760bf6fd7f5cd27068b93e53b8b2aa1bb007fa67cde18cb533",
                "sha256:1cb5ca06672951bee9f88c0758ba43110d0bb30a37225dbc1900cefccb3d7928",
                "sha256:2352abfe89152050ad6637924de9d00a5e7be1173598a8322e0372d2aa1b9acf",
                "sha256:2ed6a661fc0626f6e29929b4ef7ec8d8e90ce1874fa5fe046b57949a09c47f45",
                "sha256:39599fc80c4e64e12b1866582fbe92e31d7b0bd74a6a76b9a2e1a9341335960b",
                "sha256:46ac6235604520f30f0c55214beeb687a8a13e9abc5306fcd797a77bef3a233f",
                "sha256:486d94fca17aa7d2eb36033859a3e75102ea28e98fa8ca37ce044f348ca30656",
                "sha256:4bbd2f99d70834a72cd1f4afdaf7150c36212e2db625add00bcdec738984acf8",
                "sha256:4e048fb074c232d3ac1de94c10a220a5ad4a7467e80074f7c79643264f6e1084",
                "sha256:514088c158e334a48e6c5bd1d598a9da58997d511b570b4af165b74c82e9b641",
                "sha256:59f3b50cc6754e6e96c829aa8fd8c4675cd53a45036934818a6a2722009b49c4",
                "sha256:6a0dda3b9daca75646d4bcfbfb45c1ce97dab77c1beaa1e53289149519da6384",
                "sha256:6ee514618d88e66f44878dd52c52f6060ceaf06b74892ceb67a11b3670cf7117",
                "sha256:77856dbe676a379eab84ea9a3b02fcffeeb7775d5085b3960f3ec215c4ce4126",
                "sha256:7976f462f00d4de1caaf11dfd0535dbbe8db86b4c2cc900e4b53a7b123777e73",
                "sha256:79b29797209eebd441a8596accfa8b617445d9252fbf7ce75d3a4a0eb46cb877",
                "sha256:7f891fe73d6b48dc74a6bce0d354e5342b6462ac464f130d5e9df97849ff39bb",
                "sha256:7fca6caf9591cd2e82dee5c859034b65bad1a58e231164099dbbd8c8dec8a2c1",
                "sha256:84c64a07dc5309ba518d2a49ad60d037a7eaeb5d369a2101059b611f3de49f22",
                "sha256:8cb752a55ba6568a2184b6e0661a5568241f2e77b7b62ee0689bb83d22780a2b",
                "sha256:931d8d0b5eeac63771fbef056fbe595615dab370fab2f0cc713ad2ce4b249166",
                "sha256:9a975ee1e20766c9946314594adab09f7454e69e5d49908500cf5cec3b430d32",
                "sha256:a36abcc4d05367911a84347b1702495ddbc926497c9a8a3478e228aa4865ece5",
                "sha256:a3c74954a4ae618e4f4fe8fc3817c6e4f97f8fe3f2991cac602314ebbae60db2",
                "sha256:a5ff7cb9a349f1b97d89e1ecbcfb4bc8945d8dac7372ecfb9c40270b3806e45c",
                "sha256:a6ee06f68c0e7fad5088c658d99b4711a8119b554940514e53239f3f24b5b1c1",
                "sha256:a94d60d4ceb168ce9564a95e837430f4de55faf3af7a831e644627c0ce3f3716",
                "sha256:a9a99d3ff1715f320f676c59d71b32624fd30c07b5c3fca559e042f2efe6492d",
                "sha256:ad9a268c4aade6c12146bb24fcdf80e4f014446845428f206c77327b274d7a44",
                "sha256:b0c6cc84f221853235f51f32dceaaa7753a9e95d47cd5820862fd1ed170a9e02",
                "sha256:c60e519708e9d493de16589e1d48a4641a4dc8cbddfe3bc49b3746f99e530b95",
                "sha256:c917947de242cd6aaece2740033e1cf6a214177b52632fa21163a656ed3b1ce5",
                "sha256:ca1e78c35cf187db0aaa1492cfd8d64d28195953d591cd5c43ab4bf68086433d",
                "sha256:de6584e4ec0ec3fb7f6340c7ab02944b2d6eaff4bfbd0202badf17fc0b5d0dea",
                "sha256:e692afe758e6cd20f4bcb3bc0cac7ccdc67e3963d8d953ec27336614fa5d6552",
                "sha256:efcb68318c5a36ac9780f5481f4ac0b1e0e449b4033b9366d4c85bea3343d3b1",
                "sha256:f21cd1a16aee568246b53793cc4647ea717d1412f5d9ca08fd4d36d4230a702b",
                "sha256:f94a731013010e72beee0f8c9277a23da896427600a320ee619051a97e81533e",
                "sha256:fca2bb43ca64ce7802acb0fd59a64e519362419592b596dd573c09c5434ced7a",
                "sha256:fe2eaf64e09b59c7579c775fd3ec075a0728d9be55eef673b2cdb35531b4005b",
                "sha256:fe611732306651d0a10e99bbd1f174d4e0a0572b68b74f0673a5665146507a26"
            ],
            "version": "==0.2.4"
        },
        "pytest": {
            "hashes": [
                "sha256:2cf0005922c6ace4a3e2ec8b4080eb0d9753fdc93107415332f50ce9e7994280",
                "sha256:b090cdf5ed60bf4c45261be03239c2c1c22df034fbffe691abe93cd80cea01d8"
            ],
            "index": "pypi",
            "markers": "python_version >= '3.7'",
            "version": "==7.4.4"
        }
    }
}
